github.com/jychri/brf v0.0.2 h1:QsUtOPrLcQIWjzATuqSA94o6sTYecbROGbntXMpGKnQ=
github.com/jychri/brf v0.0.2/go.mod h1:H+H33lfFRn5Qz03GndLEDjowX//N5RV1VceWjChPe+8=
github.com/jychri/brf v0.0.4 h1:Va0q14PDQlkY3BJrb+Bko02N78rRFW1uECz6oAmynz8=
github.com/jychri/brf v0.0.4/go.mod h1:H+H33lfFRn5Qz03GndLEDjowX//N5RV1VceWjChPe+8=
github.com/jychri/fchk v0.0.1 h1:aEopizin58hAzz8OYx8vyZXh9WCY/5PkIA0MAMh0eoE=
github.com/jychri/fchk v0.0.1/go.mod h1:MTZP2poQXyCpkRL9G9diolpcUUy0quh6KGtDFdRrqk4=
github.com/jychri/fchk v0.0.2 h1:YR0IZ8vQs8YoU7wKtlbzi2gU/PZblDMP6o5YfWUhtdA=
github.com/jychri/fchk v0.0.2/go.mod h1:MTZP2poQXyCpkRL9G9diolpcUUy0quh6KGtDFdRrqk4=
github.com/jychri/goku v0.1.1 h1:2BltegBfTJTw02IFX2qlweJ2GEQ19+DNanvONk2pEB4=
github.com/jychri/goku v0.1.1/go.mod h1:uwOmQOuzmoF/ocZKP+cH6mEPPzeNBENLj9rIHtACgN8=
github.com/jychri/tilde v0.0.1 h1:ZUhhBq3RnZNR4tFanR2bIjItLaTRoJ2zIf7wSFWvAbA=
github.com/jychri/tilde v0.0.1/go.mod h1:2Z44AJjlVpDIZlCdTM3wJ0YvHbbrhQBcmai5SOEJPhM=
github.com/jychri/tilde v0.0.2 h1:9yAwiNXq3KkqtqoBaR1bM8mZDQh6fuUrlzmFwdRNktY=
github.com/jychri/tilde v0.0.2/go.mod h1:2Z44AJjlVpDIZlCdTM3wJ0YvHbbrhQBcmai5SOEJPhM=
github.com/jychri/timer v0.0.1 h1:5Hlpfvx+Tn1r0RI4xPNfOFng87ACavZ3wgD2K8o7W60=
github.com/jychri/timer v0.0.1/go.mod h1:z3qkj4I3HSuHSUnqs7eQxtAY8toCnkSmcOgmzbeP5z4=
github.com/jychri/timer v0.0.2 h1:pmOUcjla7UeO45fhTK3+nSFhXotb/M4OusvdhZ7M334=
github.com/jychri/timer v0.0.2/go.mod h1:z3qkj4I3HSuHSUnqs7eQxtAY8toCnkSmcOgmzbeP5z4=
