github.com/jychri/brf v0.0.0-20190302201842-b2d1f73878c4 h1:CpwbWB8ZJJiO7oce4+9fvv0avGlA5MTOuvf0d/Tve54=
github.com/jychri/brf v0.0.0-20190302201842-b2d1f73878c4/go.mod h1:eJDtmqXsW+FkK/HWqehie5sv9vswOupDW28y1M0qaDg=
github.com/jychri/fchk v0.0.0-20190302201938-9559eac399de h1:sLiVToMs/rvbOMBNCS3Xq4OtfY9ZVD3qqtck4d9BIP0=
github.com/jychri/fchk v0.0.0-20190302201938-9559eac399de/go.mod h1:/SiXn53MYR+ngHJBwAvjS1BViaV/fvbCIXOd3LjOrHE=
github.com/jychri/quitter v0.0.0-20190302202018-9e01b705ab16 h1:vkO+eQyNUiqpBhaQEAxub7KaQWZUyyTM4M98jziXnmA=
github.com/jychri/quitter v0.0.0-20190302202018-9e01b705ab16/go.mod h1:9Q2pzqRbR0oBzqHy43/pHeNmhcMV0rzsSlCMyWnKquo=
github.com/jychri/tilde v0.0.0-20190301151527-3608e868f9f5 h1:OptR8n1opofJEfp7Ahil2ea/tGBuGHNTrkL8AnYQxIQ=
github.com/jychri/tilde v0.0.0-20190301151527-3608e868f9f5/go.mod h1:2Z44AJjlVpDIZlCdTM3wJ0YvHbbrhQBcmai5SOEJPhM=
github.com/jychri/timer v0.0.0-20190302202139-94a1ad3286f0 h1:vGTpLQAgmxWeMuWeFGDPotyOQSXEecCO5MSkMbRhjY8=
github.com/jychri/timer v0.0.0-20190302202139-94a1ad3286f0/go.mod h1:dWuyRYMZduZ+zpR9bZnQeyB1YpoNh1pWesBCCKdIpTs=
github.com/matcornic/hermes v1.2.0/go.mod h1:lujJomb016Xjv8wBnWlNvUdtmvowjjfkqri5J/+1hYc=
