github.com/jychri/goku v0.1.0 h1:3Uc2BHL159wlKz4RgM1ksLhz9349BiyLuWTNSvos5QI=
github.com/jychri/goku v0.1.0/go.mod h1:uwOmQOuzmoF/ocZKP+cH6mEPPzeNBENLj9rIHtACgN8=
github.com/jychri/goku v0.1.1 h1:2BltegBfTJTw02IFX2qlweJ2GEQ19+DNanvONk2pEB4=
github.com/jychri/goku v0.1.1/go.mod h1:uwOmQOuzmoF/ocZKP+cH6mEPPzeNBENLj9rIHtACgN8=
